
Microsoft Visual Studio Solution File, Format Version 12.00
# Visual Studio 2012
Project("{FAE04EC0-301F-11D3-BF4B-00C04F79EFBC}") = "SuperFantasticSteampunk.OSX", "SuperFantasticSteampunk\SuperFantasticSteampunk.OSX.csproj", "{96BC59E0-18C4-405A-A4F1-A1739C391679}"
EndProject
Global
	GlobalSection(SolutionConfigurationPlatforms) = preSolution
		Debug|x86 = Debug|x86
		Release|x86 = Release|x86
		AppStore|x86 = AppStore|x86
	EndGlobalSection
	GlobalSection(ProjectConfigurationPlatforms) = postSolution
		{96BC59E0-18C4-405A-A4F1-A1739C391679}.AppStore|x86.ActiveCfg = AppStore|x86
		{96BC59E0-18C4-405A-A4F1-A1739C391679}.AppStore|x86.Build.0 = AppStore|x86
		{96BC59E0-18C4-405A-A4F1-A1739C391679}.Debug|x86.ActiveCfg = Debug|x86
		{96BC59E0-18C4-405A-A4F1-A1739C391679}.Debug|x86.Build.0 = Debug|x86
		{96BC59E0-18C4-405A-A4F1-A1739C391679}.Release|x86.ActiveCfg = Release|x86
		{96BC59E0-18C4-405A-A4F1-A1739C391679}.Release|x86.Build.0 = Release|x86
	EndGlobalSection
	GlobalSection(MonoDevelopProperties) = preSolution
		StartupItem = SuperFantasticSteampunk\SuperFantasticSteampunk.OSX.csproj
	EndGlobalSection
EndGlobal
